<?xml version="1.0" encoding="utf-8"?>
<Project ToolsVersion="4.0" xmlns="http://schemas.microsoft.com/developer/msbuild/2003">
  <ItemGroup>
    <Filter Include="Source Files">
      <UniqueIdentifier>{4FC737F1-C7A5-4376-A066-2A32D752A2FF}</UniqueIdentifier>
      <Extensions>cpp;c;cc;cxx;def;odl;idl;hpj;bat;asm;asmx</Extensions>
    </Filter>
    <Filter Include="Header Files">
      <UniqueIdentifier>{93995380-89BD-4b04-88EB-625FBE52EBFB}</UniqueIdentifier>
      <Extensions>h;hh;hpp;hxx;hm;inl;inc;xsd</Extensions>
    </Filter>
    <Filter Include="Resource Files">
      <UniqueIdentifier>{67DA6AB6-F800-4c08-8B7A-83BB121AAD01}</UniqueIdentifier>
      <Extensions>rc;ico;cur;bmp;dlg;rc2;rct;bin;rgs;gif;jpg;jpeg;jpe;resx;tiff;tif;png;wav;mfcribbon-ms</Extensions>
    </Filter>
  </ItemGroup>
  <ItemGroup>
    <ClCompile Include="Framework\Display\animation.cpp">
      <Filter>Source Files</Filter>
    </ClCompile>
    <ClCompile Include="Framework\Display\bitmapcache.cpp">
      <Filter>Source Files</Filter>
    </ClCompile>
    <ClCompile Include="Framework\Display\display.cpp">
      <Filter>Source Files</Filter>
    </ClCompile>
    <ClCompile Include="Framework\Display\fontcache.cpp">
      <Filter>Source Files</Filter>
    </ClCompile>
    <ClCompile Include="Framework\Display\spritesheet.cpp">
      <Filter>Source Files</Filter>
    </ClCompile>
    <ClCompile Include="Framework\Display\tilemap.cpp">
      <Filter>Source Files</Filter>
    </ClCompile>
    <ClCompile Include="Framework\Display\ttffont.cpp">
      <Filter>Source Files</Filter>
    </ClCompile>
    <ClCompile Include="Framework\Forms\checkbox.cpp">
      <Filter>Source Files</Filter>
    </ClCompile>
    <ClCompile Include="Framework\Forms\control.cpp">
      <Filter>Source Files</Filter>
    </ClCompile>
    <ClCompile Include="Framework\Forms\form.cpp">
      <Filter>Source Files</Filter>
    </ClCompile>
    <ClCompile Include="Framework\Forms\graphic.cpp">
      <Filter>Source Files</Filter>
    </ClCompile>
    <ClCompile Include="Framework\Forms\graphicbutton.cpp">
      <Filter>Source Files</Filter>
    </ClCompile>
    <ClCompile Include="Framework\Forms\hscrollbar.cpp">
      <Filter>Source Files</Filter>
    </ClCompile>
    <ClCompile Include="Framework\Forms\label.cpp">
      <Filter>Source Files</Filter>
    </ClCompile>
    <ClCompile Include="Framework\Forms\list.cpp">
      <Filter>Source Files</Filter>
    </ClCompile>
    <ClCompile Include="Framework\Forms\textbutton.cpp">
      <Filter>Source Files</Filter>
    </ClCompile>
    <ClCompile Include="Framework\Forms\textedit.cpp">
      <Filter>Source Files</Filter>
    </ClCompile>
    <ClCompile Include="Framework\Forms\vscrollbar.cpp">
      <Filter>Source Files</Filter>
    </ClCompile>
    <ClCompile Include="Framework\Network\download.cpp">
      <Filter>Source Files</Filter>
    </ClCompile>
    <ClCompile Include="Framework\Network\network.cpp">
      <Filter>Source Files</Filter>
    </ClCompile>
    <ClCompile Include="Framework\Primitives\angle.cpp">
      <Filter>Source Files</Filter>
    </ClCompile>
    <ClCompile Include="Framework\Primitives\box.cpp">
      <Filter>Source Files</Filter>
    </ClCompile>
    <ClCompile Include="Framework\Primitives\line.cpp">
      <Filter>Source Files</Filter>
    </ClCompile>
    <ClCompile Include="Framework\Primitives\vector2.cpp">
      <Filter>Source Files</Filter>
    </ClCompile>
    <ClCompile Include="Framework\Sound\audio.cpp">
      <Filter>Source Files</Filter>
    </ClCompile>
    <ClCompile Include="Framework\Sound\sfxcache.cpp">
      <Filter>Source Files</Filter>
    </ClCompile>
    <ClCompile Include="Framework\Stages\stagestack.cpp">
      <Filter>Source Files</Filter>
    </ClCompile>
    <ClCompile Include="Framework\Transitions\fadeacross.cpp">
      <Filter>Source Files</Filter>
    </ClCompile>
    <ClCompile Include="Framework\Transitions\fadein.cpp">
      <Filter>Source Files</Filter>
    </ClCompile>
    <ClCompile Include="Framework\Transitions\fadeout.cpp">
      <Filter>Source Files</Filter>
    </ClCompile>
    <ClCompile Include="Framework\Transitions\strips.cpp">
      <Filter>Source Files</Filter>
    </ClCompile>
    <ClCompile Include="Framework\Transitions\tiled.cpp">
      <Filter>Source Files</Filter>
    </ClCompile>
    <ClCompile Include="Framework\configfile.cpp">
      <Filter>Source Files</Filter>
    </ClCompile>
    <ClCompile Include="Framework\event.cpp">
      <Filter>Source Files</Filter>
    </ClCompile>
    <ClCompile Include="Framework\framework.cpp">
      <Filter>Source Files</Filter>
    </ClCompile>
    <ClCompile Include="Framework\main.cpp">
      <Filter>Source Files</Filter>
    </ClCompile>
    <ClCompile Include="Framework\memory.cpp">
      <Filter>Source Files</Filter>
    </ClCompile>
    <ClCompile Include="Game\boot.cpp">
      <Filter>Source Files</Filter>
    </ClCompile>
    <ClCompile Include="Game\menu.cpp">
      <Filter>Source Files</Filter>
    </ClCompile>
    <ClCompile Include="Game\arena.cpp">
      <Filter>Source Files</Filter>
    </ClCompile>
    <ClCompile Include="Game\playerselect.cpp">
      <Filter>Source Files</Filter>
    </ClCompile>
    <ClCompile Include="Game\fighter.cpp">
      <Filter>Source Files</Filter>
    </ClCompile>
  </ItemGroup>
  <ItemGroup>
    <ClInclude Include="Framework\Display\animation.h">
      <Filter>Header Files</Filter>
    </ClInclude>
    <ClInclude Include="Framework\Display\bitmapcache.h">
      <Filter>Header Files</Filter>
    </ClInclude>
    <ClInclude Include="Framework\Display\display.h">
      <Filter>Header Files</Filter>
    </ClInclude>
    <ClInclude Include="Framework\Display\fontcache.h">
      <Filter>Header Files</Filter>
    </ClInclude>
    <ClInclude Include="Framework\Display\spritesheet.h">
      <Filter>Header Files</Filter>
    </ClInclude>
    <ClInclude Include="Framework\Display\tilemap.h">
      <Filter>Header Files</Filter>
    </ClInclude>
    <ClInclude Include="Framework\Display\ttffont.h">
      <Filter>Header Files</Filter>
    </ClInclude>
    <ClInclude Include="Framework\Forms\checkbox.h">
      <Filter>Header Files</Filter>
    </ClInclude>
    <ClInclude Include="Framework\Forms\control.h">
      <Filter>Header Files</Filter>
    </ClInclude>
    <ClInclude Include="Framework\Forms\form.h">
      <Filter>Header Files</Filter>
    </ClInclude>
    <ClInclude Include="Framework\Forms\forms.h">
      <Filter>Header Files</Filter>
    </ClInclude>
    <ClInclude Include="Framework\Forms\forms_enums.h">
      <Filter>Header Files</Filter>
    </ClInclude>
    <ClInclude Include="Framework\Forms\graphic.h">
      <Filter>Header Files</Filter>
    </ClInclude>
    <ClInclude Include="Framework\Forms\graphicbutton.h">
      <Filter>Header Files</Filter>
    </ClInclude>
    <ClInclude Include="Framework\Forms\hscrollbar.h">
      <Filter>Header Files</Filter>
    </ClInclude>
    <ClInclude Include="Framework\Forms\label.h">
      <Filter>Header Files</Filter>
    </ClInclude>
    <ClInclude Include="Framework\Forms\list.h">
      <Filter>Header Files</Filter>
    </ClInclude>
    <ClInclude Include="Framework\Forms\textbutton.h">
      <Filter>Header Files</Filter>
    </ClInclude>
    <ClInclude Include="Framework\Forms\textedit.h">
      <Filter>Header Files</Filter>
    </ClInclude>
    <ClInclude Include="Framework\Forms\vscrollbar.h">
      <Filter>Header Files</Filter>
    </ClInclude>
    <ClInclude Include="Framework\Network\download.h">
      <Filter>Header Files</Filter>
    </ClInclude>
    <ClInclude Include="Framework\Network\network.h">
      <Filter>Header Files</Filter>
    </ClInclude>
    <ClInclude Include="Framework\Primitives\angle.h">
      <Filter>Header Files</Filter>
    </ClInclude>
    <ClInclude Include="Framework\Primitives\box.h">
      <Filter>Header Files</Filter>
    </ClInclude>
    <ClInclude Include="Framework\Primitives\line.h">
      <Filter>Header Files</Filter>
    </ClInclude>
    <ClInclude Include="Framework\Primitives\strings.h">
      <Filter>Header Files</Filter>
    </ClInclude>
    <ClInclude Include="Framework\Primitives\vector2.h">
      <Filter>Header Files</Filter>
    </ClInclude>
    <ClInclude Include="Framework\Sound\audio.h">
      <Filter>Header Files</Filter>
    </ClInclude>
    <ClInclude Include="Framework\Sound\sfxcache.h">
      <Filter>Header Files</Filter>
    </ClInclude>
    <ClInclude Include="Framework\Stages\stage.h">
      <Filter>Header Files</Filter>
    </ClInclude>
    <ClInclude Include="Framework\Stages\stagestack.h">
      <Filter>Header Files</Filter>
    </ClInclude>
    <ClInclude Include="Framework\Transitions\fadeacross.h">
      <Filter>Header Files</Filter>
    </ClInclude>
    <ClInclude Include="Framework\Transitions\fadein.h">
      <Filter>Header Files</Filter>
    </ClInclude>
    <ClInclude Include="Framework\Transitions\fadeout.h">
      <Filter>Header Files</Filter>
    </ClInclude>
    <ClInclude Include="Framework\Transitions\strips.h">
      <Filter>Header Files</Filter>
    </ClInclude>
    <ClInclude Include="Framework\Transitions\tiled.h">
      <Filter>Header Files</Filter>
    </ClInclude>
    <ClInclude Include="Framework\Transitions\transitions.h">
      <Filter>Header Files</Filter>
    </ClInclude>
    <ClInclude Include="Framework\configfile.h">
      <Filter>Header Files</Filter>
    </ClInclude>
    <ClInclude Include="Framework\event.h">
      <Filter>Header Files</Filter>
    </ClInclude>
    <ClInclude Include="Framework\framework.h">
      <Filter>Header Files</Filter>
    </ClInclude>
    <ClInclude Include="Framework\includes.h">
      <Filter>Header Files</Filter>
    </ClInclude>
    <ClInclude Include="Framework\maths.h">
      <Filter>Header Files</Filter>
    </ClInclude>
    <ClInclude Include="Framework\memory.h">
      <Filter>Header Files</Filter>
    </ClInclude>
    <ClInclude Include="Game\boot.h">
      <Filter>Header Files</Filter>
    </ClInclude>
    <ClInclude Include="Game\includes.h">
      <Filter>Header Files</Filter>
    </ClInclude>
    <ClInclude Include="Game\menu.h">
      <Filter>Header Files</Filter>
    </ClInclude>
    <ClInclude Include="Game\arena.h">
      <Filter>Header Files</Filter>
    </ClInclude>
    <ClInclude Include="Game\playerselect.h">
      <Filter>Header Files</Filter>
    </ClInclude>
    <ClInclude Include="Game\fighter.h">
      <Filter>Header Files</Filter>
    </ClInclude>
  </ItemGroup>
</Project>